
Microsoft Visual Studio Solution File, Format Version 12.00
# Visual Studio Version 17
VisualStudioVersion = 17.9.34714.143
MinimumVisualStudioVersion = 10.0.40219.1
Project("{FAE04EC0-301F-11D3-BF4B-00C04F79EFBC}") = "ReadMe_Nima_Zarrabi", "ReadMe_Nima_Zarrabi.csproj", "{26378810-3B66-4EF7-B17F-852238FBAA34}"
EndProject
Global
	GlobalSection(SolutionConfigurationPlatforms) = preSolution
		Debug|Any CPU = Debug|Any CPU
		Release|Any CPU = Release|Any CPU
	EndGlobalSection
	GlobalSection(ProjectConfigurationPlatforms) = postSolution
		{26378810-3B66-4EF7-B17F-852238FBAA34}.Debug|Any CPU.ActiveCfg = Debug|Any CPU
		{26378810-3B66-4EF7-B17F-852238FBAA34}.Debug|Any CPU.Build.0 = Debug|Any CPU
		{26378810-3B66-4EF7-B17F-852238FBAA34}.Debug|Any CPU.Deploy.0 = Debug|Any CPU
		{26378810-3B66-4EF7-B17F-852238FBAA34}.Release|Any CPU.ActiveCfg = Release|Any CPU
		{26378810-3B66-4EF7-B17F-852238FBAA34}.Release|Any CPU.Build.0 = Release|Any CPU
		{26378810-3B66-4EF7-B17F-852238FBAA34}.Release|Any CPU.Deploy.0 = Release|Any CPU
	EndGlobalSection
	GlobalSection(SolutionProperties) = preSolution
		HideSolutionNode = FALSE
	EndGlobalSection
	GlobalSection(ExtensibilityGlobals) = postSolution
		SolutionGuid = {F848BA63-1204-4CD1-BE30-C4336110CA4F}
	EndGlobalSection
EndGlobal
